
Microsoft Visual Studio Solution File, Format Version 12.00
# Visual Studio 15
VisualStudioVersion = 15.0.28010.2048
MinimumVisualStudioVersion = 10.0.40219.1
Project("{FAE04EC0-301F-11D3-BF4B-00C04F79EFBC}") = "DatalogConvert", "DatalogConvert\DatalogConvert.csproj", "{A40EE740-030D-48C4-B607-FD3CD231F924}"
EndProject
Project("{FAE04EC0-301F-11D3-BF4B-00C04F79EFBC}") = "UnitTests", "UnitTests\UnitTests.csproj", "{45355298-4D90-41A7-8CBB-32A8824FBAF5}"
EndProject
Global
	GlobalSection(SolutionConfigurationPlatforms) = preSolution
		Debug|Any CPU = Debug|Any CPU
		Release|Any CPU = Release|Any CPU
	EndGlobalSection
	GlobalSection(ProjectConfigurationPlatforms) = postSolution
		{A40EE740-030D-48C4-B607-FD3CD231F924}.Debug|Any CPU.ActiveCfg = Debug|Any CPU
		{A40EE740-030D-48C4-B607-FD3CD231F924}.Debug|Any CPU.Build.0 = Debug|Any CPU
		{A40EE740-030D-48C4-B607-FD3CD231F924}.Release|Any CPU.ActiveCfg = Release|Any CPU
		{A40EE740-030D-48C4-B607-FD3CD231F924}.Release|Any CPU.Build.0 = Release|Any CPU
		{45355298-4D90-41A7-8CBB-32A8824FBAF5}.Debug|Any CPU.ActiveCfg = Debug|Any CPU
		{45355298-4D90-41A7-8CBB-32A8824FBAF5}.Debug|Any CPU.Build.0 = Debug|Any CPU
		{45355298-4D90-41A7-8CBB-32A8824FBAF5}.Release|Any CPU.ActiveCfg = Release|Any CPU
		{45355298-4D90-41A7-8CBB-32A8824FBAF5}.Release|Any CPU.Build.0 = Release|Any CPU
	EndGlobalSection
	GlobalSection(SolutionProperties) = preSolution
		HideSolutionNode = FALSE
	EndGlobalSection
	GlobalSection(ExtensibilityGlobals) = postSolution
		SolutionGuid = {AFCC7C0C-4A8D-4DF2-830F-8B49CBBD7B28}
	EndGlobalSection
EndGlobal
