
Microsoft Visual Studio Solution File, Format Version 12.00
# Visual Studio 15
VisualStudioVersion = 15.0.28010.2048
MinimumVisualStudioVersion = 10.0.40219.1
Project("{FAE04EC0-301F-11D3-BF4B-00C04F79EFBC}") = "sql2dat", "sql2dat\sql2dat.csproj", "{A40EE740-030D-48C4-B607-FD3CD231F924}"
EndProject
Project("{FAE04EC0-301F-11D3-BF4B-00C04F79EFBC}") = "UnitTests", "UnitTests\UnitTests.csproj", "{45355298-4D90-41A7-8CBB-32A8824FBAF5}"
	ProjectSection(ProjectDependencies) = postProject
		{3D34F477-2950-498D-B1F4-EDB1AF7EAC88} = {3D34F477-2950-498D-B1F4-EDB1AF7EAC88}
	EndProjectSection
EndProject
Project("{FAE04EC0-301F-11D3-BF4B-00C04F79EFBC}") = "dat2sql", "dat2sql\dat2sql.csproj", "{28B20098-03E6-4887-AA32-F597AA016855}"
EndProject
Project("{FAE04EC0-301F-11D3-BF4B-00C04F79EFBC}") = "dat2csv", "dat2csv\dat2csv.csproj", "{74F26AB8-6A70-4E9E-859B-4AB7982958B8}"
EndProject
Project("{8BC9CEB8-8B4A-11D0-8D11-00A0C91BC942}") = "dat2fth_native", "dat2fth_native\dat2fth_native.vcxproj", "{AFCDF931-805B-4F2C-869C-CE483D8F0007}"
EndProject
Project("{FAE04EC0-301F-11D3-BF4B-00C04F79EFBC}") = "dat2fth", "dat2fth\dat2fth.csproj", "{D8AC753D-DED1-4A4B-A3E0-FEC111D8463F}"
EndProject
Project("{FAE04EC0-301F-11D3-BF4B-00C04F79EFBC}") = "libDAT", "libDAT\libDAT.csproj", "{3D34F477-2950-498D-B1F4-EDB1AF7EAC88}"
EndProject
Project("{FAE04EC0-301F-11D3-BF4B-00C04F79EFBC}") = "libFTH", "libFTH\libFTH.csproj", "{509F5459-F512-47F4-B7B5-EA1570FC2E83}"
EndProject
Global
	GlobalSection(SolutionConfigurationPlatforms) = preSolution
		Debug|Any CPU = Debug|Any CPU
		Debug|x64 = Debug|x64
		Debug|x86 = Debug|x86
		Release|Any CPU = Release|Any CPU
		Release|x64 = Release|x64
		Release|x86 = Release|x86
	EndGlobalSection
	GlobalSection(ProjectConfigurationPlatforms) = postSolution
		{A40EE740-030D-48C4-B607-FD3CD231F924}.Debug|Any CPU.ActiveCfg = Debug|Any CPU
		{A40EE740-030D-48C4-B607-FD3CD231F924}.Debug|Any CPU.Build.0 = Debug|Any CPU
		{A40EE740-030D-48C4-B607-FD3CD231F924}.Debug|x64.ActiveCfg = Debug|Any CPU
		{A40EE740-030D-48C4-B607-FD3CD231F924}.Debug|x64.Build.0 = Debug|Any CPU
		{A40EE740-030D-48C4-B607-FD3CD231F924}.Debug|x86.ActiveCfg = Debug|Any CPU
		{A40EE740-030D-48C4-B607-FD3CD231F924}.Debug|x86.Build.0 = Debug|Any CPU
		{A40EE740-030D-48C4-B607-FD3CD231F924}.Release|Any CPU.ActiveCfg = Release|Any CPU
		{A40EE740-030D-48C4-B607-FD3CD231F924}.Release|Any CPU.Build.0 = Release|Any CPU
		{A40EE740-030D-48C4-B607-FD3CD231F924}.Release|x64.ActiveCfg = Release|Any CPU
		{A40EE740-030D-48C4-B607-FD3CD231F924}.Release|x64.Build.0 = Release|Any CPU
		{A40EE740-030D-48C4-B607-FD3CD231F924}.Release|x86.ActiveCfg = Release|Any CPU
		{A40EE740-030D-48C4-B607-FD3CD231F924}.Release|x86.Build.0 = Release|Any CPU
		{45355298-4D90-41A7-8CBB-32A8824FBAF5}.Debug|Any CPU.ActiveCfg = Debug|Any CPU
		{45355298-4D90-41A7-8CBB-32A8824FBAF5}.Debug|Any CPU.Build.0 = Debug|Any CPU
		{45355298-4D90-41A7-8CBB-32A8824FBAF5}.Debug|x64.ActiveCfg = Debug|Any CPU
		{45355298-4D90-41A7-8CBB-32A8824FBAF5}.Debug|x64.Build.0 = Debug|Any CPU
		{45355298-4D90-41A7-8CBB-32A8824FBAF5}.Debug|x86.ActiveCfg = Debug|Any CPU
		{45355298-4D90-41A7-8CBB-32A8824FBAF5}.Debug|x86.Build.0 = Debug|Any CPU
		{45355298-4D90-41A7-8CBB-32A8824FBAF5}.Release|Any CPU.ActiveCfg = Release|Any CPU
		{45355298-4D90-41A7-8CBB-32A8824FBAF5}.Release|Any CPU.Build.0 = Release|Any CPU
		{45355298-4D90-41A7-8CBB-32A8824FBAF5}.Release|x64.ActiveCfg = Release|Any CPU
		{45355298-4D90-41A7-8CBB-32A8824FBAF5}.Release|x64.Build.0 = Release|Any CPU
		{45355298-4D90-41A7-8CBB-32A8824FBAF5}.Release|x86.ActiveCfg = Release|Any CPU
		{45355298-4D90-41A7-8CBB-32A8824FBAF5}.Release|x86.Build.0 = Release|Any CPU
		{28B20098-03E6-4887-AA32-F597AA016855}.Debug|Any CPU.ActiveCfg = Debug|Any CPU
		{28B20098-03E6-4887-AA32-F597AA016855}.Debug|Any CPU.Build.0 = Debug|Any CPU
		{28B20098-03E6-4887-AA32-F597AA016855}.Debug|x64.ActiveCfg = Debug|Any CPU
		{28B20098-03E6-4887-AA32-F597AA016855}.Debug|x64.Build.0 = Debug|Any CPU
		{28B20098-03E6-4887-AA32-F597AA016855}.Debug|x86.ActiveCfg = Debug|Any CPU
		{28B20098-03E6-4887-AA32-F597AA016855}.Debug|x86.Build.0 = Debug|Any CPU
		{28B20098-03E6-4887-AA32-F597AA016855}.Release|Any CPU.ActiveCfg = Release|Any CPU
		{28B20098-03E6-4887-AA32-F597AA016855}.Release|Any CPU.Build.0 = Release|Any CPU
		{28B20098-03E6-4887-AA32-F597AA016855}.Release|x64.ActiveCfg = Release|Any CPU
		{28B20098-03E6-4887-AA32-F597AA016855}.Release|x64.Build.0 = Release|Any CPU
		{28B20098-03E6-4887-AA32-F597AA016855}.Release|x86.ActiveCfg = Release|Any CPU
		{28B20098-03E6-4887-AA32-F597AA016855}.Release|x86.Build.0 = Release|Any CPU
		{74F26AB8-6A70-4E9E-859B-4AB7982958B8}.Debug|Any CPU.ActiveCfg = Debug|Any CPU
		{74F26AB8-6A70-4E9E-859B-4AB7982958B8}.Debug|Any CPU.Build.0 = Debug|Any CPU
		{74F26AB8-6A70-4E9E-859B-4AB7982958B8}.Debug|x64.ActiveCfg = Debug|Any CPU
		{74F26AB8-6A70-4E9E-859B-4AB7982958B8}.Debug|x64.Build.0 = Debug|Any CPU
		{74F26AB8-6A70-4E9E-859B-4AB7982958B8}.Debug|x86.ActiveCfg = Debug|Any CPU
		{74F26AB8-6A70-4E9E-859B-4AB7982958B8}.Debug|x86.Build.0 = Debug|Any CPU
		{74F26AB8-6A70-4E9E-859B-4AB7982958B8}.Release|Any CPU.ActiveCfg = Release|Any CPU
		{74F26AB8-6A70-4E9E-859B-4AB7982958B8}.Release|Any CPU.Build.0 = Release|Any CPU
		{74F26AB8-6A70-4E9E-859B-4AB7982958B8}.Release|x64.ActiveCfg = Release|Any CPU
		{74F26AB8-6A70-4E9E-859B-4AB7982958B8}.Release|x64.Build.0 = Release|Any CPU
		{74F26AB8-6A70-4E9E-859B-4AB7982958B8}.Release|x86.ActiveCfg = Release|Any CPU
		{74F26AB8-6A70-4E9E-859B-4AB7982958B8}.Release|x86.Build.0 = Release|Any CPU
		{AFCDF931-805B-4F2C-869C-CE483D8F0007}.Debug|Any CPU.ActiveCfg = Debug|Win32
		{AFCDF931-805B-4F2C-869C-CE483D8F0007}.Debug|x64.ActiveCfg = Debug|x64
		{AFCDF931-805B-4F2C-869C-CE483D8F0007}.Debug|x64.Build.0 = Debug|x64
		{AFCDF931-805B-4F2C-869C-CE483D8F0007}.Debug|x86.ActiveCfg = Debug|Win32
		{AFCDF931-805B-4F2C-869C-CE483D8F0007}.Debug|x86.Build.0 = Debug|Win32
		{AFCDF931-805B-4F2C-869C-CE483D8F0007}.Release|Any CPU.ActiveCfg = Release|Win32
		{AFCDF931-805B-4F2C-869C-CE483D8F0007}.Release|x64.ActiveCfg = Release|x64
		{AFCDF931-805B-4F2C-869C-CE483D8F0007}.Release|x64.Build.0 = Release|x64
		{AFCDF931-805B-4F2C-869C-CE483D8F0007}.Release|x86.ActiveCfg = Release|Win32
		{AFCDF931-805B-4F2C-869C-CE483D8F0007}.Release|x86.Build.0 = Release|Win32
		{D8AC753D-DED1-4A4B-A3E0-FEC111D8463F}.Debug|Any CPU.ActiveCfg = Debug|Any CPU
		{D8AC753D-DED1-4A4B-A3E0-FEC111D8463F}.Debug|Any CPU.Build.0 = Debug|Any CPU
		{D8AC753D-DED1-4A4B-A3E0-FEC111D8463F}.Debug|x64.ActiveCfg = Debug|Any CPU
		{D8AC753D-DED1-4A4B-A3E0-FEC111D8463F}.Debug|x64.Build.0 = Debug|Any CPU
		{D8AC753D-DED1-4A4B-A3E0-FEC111D8463F}.Debug|x86.ActiveCfg = Debug|Any CPU
		{D8AC753D-DED1-4A4B-A3E0-FEC111D8463F}.Debug|x86.Build.0 = Debug|Any CPU
		{D8AC753D-DED1-4A4B-A3E0-FEC111D8463F}.Release|Any CPU.ActiveCfg = Release|Any CPU
		{D8AC753D-DED1-4A4B-A3E0-FEC111D8463F}.Release|Any CPU.Build.0 = Release|Any CPU
		{D8AC753D-DED1-4A4B-A3E0-FEC111D8463F}.Release|x64.ActiveCfg = Release|Any CPU
		{D8AC753D-DED1-4A4B-A3E0-FEC111D8463F}.Release|x64.Build.0 = Release|Any CPU
		{D8AC753D-DED1-4A4B-A3E0-FEC111D8463F}.Release|x86.ActiveCfg = Release|Any CPU
		{D8AC753D-DED1-4A4B-A3E0-FEC111D8463F}.Release|x86.Build.0 = Release|Any CPU
		{3D34F477-2950-498D-B1F4-EDB1AF7EAC88}.Debug|Any CPU.ActiveCfg = Debug|Any CPU
		{3D34F477-2950-498D-B1F4-EDB1AF7EAC88}.Debug|Any CPU.Build.0 = Debug|Any CPU
		{3D34F477-2950-498D-B1F4-EDB1AF7EAC88}.Debug|x64.ActiveCfg = Debug|Any CPU
		{3D34F477-2950-498D-B1F4-EDB1AF7EAC88}.Debug|x64.Build.0 = Debug|Any CPU
		{3D34F477-2950-498D-B1F4-EDB1AF7EAC88}.Debug|x86.ActiveCfg = Debug|Any CPU
		{3D34F477-2950-498D-B1F4-EDB1AF7EAC88}.Debug|x86.Build.0 = Debug|Any CPU
		{3D34F477-2950-498D-B1F4-EDB1AF7EAC88}.Release|Any CPU.ActiveCfg = Release|Any CPU
		{3D34F477-2950-498D-B1F4-EDB1AF7EAC88}.Release|Any CPU.Build.0 = Release|Any CPU
		{3D34F477-2950-498D-B1F4-EDB1AF7EAC88}.Release|x64.ActiveCfg = Release|Any CPU
		{3D34F477-2950-498D-B1F4-EDB1AF7EAC88}.Release|x64.Build.0 = Release|Any CPU
		{3D34F477-2950-498D-B1F4-EDB1AF7EAC88}.Release|x86.ActiveCfg = Release|Any CPU
		{3D34F477-2950-498D-B1F4-EDB1AF7EAC88}.Release|x86.Build.0 = Release|Any CPU
		{509F5459-F512-47F4-B7B5-EA1570FC2E83}.Debug|Any CPU.ActiveCfg = Debug|Any CPU
		{509F5459-F512-47F4-B7B5-EA1570FC2E83}.Debug|Any CPU.Build.0 = Debug|Any CPU
		{509F5459-F512-47F4-B7B5-EA1570FC2E83}.Debug|x64.ActiveCfg = Debug|Any CPU
		{509F5459-F512-47F4-B7B5-EA1570FC2E83}.Debug|x64.Build.0 = Debug|Any CPU
		{509F5459-F512-47F4-B7B5-EA1570FC2E83}.Debug|x86.ActiveCfg = Debug|Any CPU
		{509F5459-F512-47F4-B7B5-EA1570FC2E83}.Debug|x86.Build.0 = Debug|Any CPU
		{509F5459-F512-47F4-B7B5-EA1570FC2E83}.Release|Any CPU.ActiveCfg = Release|Any CPU
		{509F5459-F512-47F4-B7B5-EA1570FC2E83}.Release|Any CPU.Build.0 = Release|Any CPU
		{509F5459-F512-47F4-B7B5-EA1570FC2E83}.Release|x64.ActiveCfg = Release|Any CPU
		{509F5459-F512-47F4-B7B5-EA1570FC2E83}.Release|x64.Build.0 = Release|Any CPU
		{509F5459-F512-47F4-B7B5-EA1570FC2E83}.Release|x86.ActiveCfg = Release|Any CPU
		{509F5459-F512-47F4-B7B5-EA1570FC2E83}.Release|x86.Build.0 = Release|Any CPU
	EndGlobalSection
	GlobalSection(SolutionProperties) = preSolution
		HideSolutionNode = FALSE
	EndGlobalSection
	GlobalSection(ExtensibilityGlobals) = postSolution
		SolutionGuid = {AFCC7C0C-4A8D-4DF2-830F-8B49CBBD7B28}
	EndGlobalSection
EndGlobal
