
Microsoft Visual Studio Solution File, Format Version 12.00
# Visual Studio 15
VisualStudioVersion = 15.0.28010.2048
MinimumVisualStudioVersion = 10.0.40219.1
Project("{FAE04EC0-301F-11D3-BF4B-00C04F79EFBC}") = "sql2dat", "sql2dat\sql2dat.csproj", "{A40EE740-030D-48C4-B607-FD3CD231F924}"
EndProject
Project("{FAE04EC0-301F-11D3-BF4B-00C04F79EFBC}") = "UnitTests", "UnitTests\UnitTests.csproj", "{45355298-4D90-41A7-8CBB-32A8824FBAF5}"
EndProject
Project("{FAE04EC0-301F-11D3-BF4B-00C04F79EFBC}") = "dat2sql", "dat2sql\dat2sql.csproj", "{28B20098-03E6-4887-AA32-F597AA016855}"
EndProject
Project("{FAE04EC0-301F-11D3-BF4B-00C04F79EFBC}") = "dat2fth", "dat2fth\dat2fth.csproj", "{74F26AB8-6A70-4E9E-859B-4AB7982958B8}"
EndProject
Global
	GlobalSection(SolutionConfigurationPlatforms) = preSolution
		Debug|Any CPU = Debug|Any CPU
		Debug|x64 = Debug|x64
		Debug|x86 = Debug|x86
		Release|Any CPU = Release|Any CPU
		Release|x64 = Release|x64
		Release|x86 = Release|x86
	EndGlobalSection
	GlobalSection(ProjectConfigurationPlatforms) = postSolution
		{A40EE740-030D-48C4-B607-FD3CD231F924}.Debug|Any CPU.ActiveCfg = Debug|Any CPU
		{A40EE740-030D-48C4-B607-FD3CD231F924}.Debug|Any CPU.Build.0 = Debug|Any CPU
		{A40EE740-030D-48C4-B607-FD3CD231F924}.Debug|x64.ActiveCfg = Debug|Any CPU
		{A40EE740-030D-48C4-B607-FD3CD231F924}.Debug|x64.Build.0 = Debug|Any CPU
		{A40EE740-030D-48C4-B607-FD3CD231F924}.Debug|x86.ActiveCfg = Debug|Any CPU
		{A40EE740-030D-48C4-B607-FD3CD231F924}.Debug|x86.Build.0 = Debug|Any CPU
		{A40EE740-030D-48C4-B607-FD3CD231F924}.Release|Any CPU.ActiveCfg = Release|Any CPU
		{A40EE740-030D-48C4-B607-FD3CD231F924}.Release|Any CPU.Build.0 = Release|Any CPU
		{A40EE740-030D-48C4-B607-FD3CD231F924}.Release|x64.ActiveCfg = Release|Any CPU
		{A40EE740-030D-48C4-B607-FD3CD231F924}.Release|x64.Build.0 = Release|Any CPU
		{A40EE740-030D-48C4-B607-FD3CD231F924}.Release|x86.ActiveCfg = Release|Any CPU
		{A40EE740-030D-48C4-B607-FD3CD231F924}.Release|x86.Build.0 = Release|Any CPU
		{45355298-4D90-41A7-8CBB-32A8824FBAF5}.Debug|Any CPU.ActiveCfg = Debug|Any CPU
		{45355298-4D90-41A7-8CBB-32A8824FBAF5}.Debug|Any CPU.Build.0 = Debug|Any CPU
		{45355298-4D90-41A7-8CBB-32A8824FBAF5}.Debug|x64.ActiveCfg = Debug|Any CPU
		{45355298-4D90-41A7-8CBB-32A8824FBAF5}.Debug|x64.Build.0 = Debug|Any CPU
		{45355298-4D90-41A7-8CBB-32A8824FBAF5}.Debug|x86.ActiveCfg = Debug|Any CPU
		{45355298-4D90-41A7-8CBB-32A8824FBAF5}.Debug|x86.Build.0 = Debug|Any CPU
		{45355298-4D90-41A7-8CBB-32A8824FBAF5}.Release|Any CPU.ActiveCfg = Release|Any CPU
		{45355298-4D90-41A7-8CBB-32A8824FBAF5}.Release|Any CPU.Build.0 = Release|Any CPU
		{45355298-4D90-41A7-8CBB-32A8824FBAF5}.Release|x64.ActiveCfg = Release|Any CPU
		{45355298-4D90-41A7-8CBB-32A8824FBAF5}.Release|x64.Build.0 = Release|Any CPU
		{45355298-4D90-41A7-8CBB-32A8824FBAF5}.Release|x86.ActiveCfg = Release|Any CPU
		{45355298-4D90-41A7-8CBB-32A8824FBAF5}.Release|x86.Build.0 = Release|Any CPU
		{28B20098-03E6-4887-AA32-F597AA016855}.Debug|Any CPU.ActiveCfg = Debug|Any CPU
		{28B20098-03E6-4887-AA32-F597AA016855}.Debug|Any CPU.Build.0 = Debug|Any CPU
		{28B20098-03E6-4887-AA32-F597AA016855}.Debug|x64.ActiveCfg = Debug|Any CPU
		{28B20098-03E6-4887-AA32-F597AA016855}.Debug|x64.Build.0 = Debug|Any CPU
		{28B20098-03E6-4887-AA32-F597AA016855}.Debug|x86.ActiveCfg = Debug|Any CPU
		{28B20098-03E6-4887-AA32-F597AA016855}.Debug|x86.Build.0 = Debug|Any CPU
		{28B20098-03E6-4887-AA32-F597AA016855}.Release|Any CPU.ActiveCfg = Release|Any CPU
		{28B20098-03E6-4887-AA32-F597AA016855}.Release|Any CPU.Build.0 = Release|Any CPU
		{28B20098-03E6-4887-AA32-F597AA016855}.Release|x64.ActiveCfg = Release|Any CPU
		{28B20098-03E6-4887-AA32-F597AA016855}.Release|x64.Build.0 = Release|Any CPU
		{28B20098-03E6-4887-AA32-F597AA016855}.Release|x86.ActiveCfg = Release|Any CPU
		{28B20098-03E6-4887-AA32-F597AA016855}.Release|x86.Build.0 = Release|Any CPU
		{74F26AB8-6A70-4E9E-859B-4AB7982958B8}.Debug|Any CPU.ActiveCfg = Debug|Any CPU
		{74F26AB8-6A70-4E9E-859B-4AB7982958B8}.Debug|Any CPU.Build.0 = Debug|Any CPU
		{74F26AB8-6A70-4E9E-859B-4AB7982958B8}.Debug|x64.ActiveCfg = Debug|Any CPU
		{74F26AB8-6A70-4E9E-859B-4AB7982958B8}.Debug|x64.Build.0 = Debug|Any CPU
		{74F26AB8-6A70-4E9E-859B-4AB7982958B8}.Debug|x86.ActiveCfg = Debug|Any CPU
		{74F26AB8-6A70-4E9E-859B-4AB7982958B8}.Debug|x86.Build.0 = Debug|Any CPU
		{74F26AB8-6A70-4E9E-859B-4AB7982958B8}.Release|Any CPU.ActiveCfg = Release|Any CPU
		{74F26AB8-6A70-4E9E-859B-4AB7982958B8}.Release|Any CPU.Build.0 = Release|Any CPU
		{74F26AB8-6A70-4E9E-859B-4AB7982958B8}.Release|x64.ActiveCfg = Release|Any CPU
		{74F26AB8-6A70-4E9E-859B-4AB7982958B8}.Release|x64.Build.0 = Release|Any CPU
		{74F26AB8-6A70-4E9E-859B-4AB7982958B8}.Release|x86.ActiveCfg = Release|Any CPU
		{74F26AB8-6A70-4E9E-859B-4AB7982958B8}.Release|x86.Build.0 = Release|Any CPU
	EndGlobalSection
	GlobalSection(SolutionProperties) = preSolution
		HideSolutionNode = FALSE
	EndGlobalSection
	GlobalSection(ExtensibilityGlobals) = postSolution
		SolutionGuid = {AFCC7C0C-4A8D-4DF2-830F-8B49CBBD7B28}
	EndGlobalSection
EndGlobal
